# This file is automatically @generated by Cargo.
# It is not intended for manual editing.
version = 4

[[package]]
name = "kernel"
version = "0.1.0"
dependencies = [
 "kernel-apic",
 "kernel-arch-x86_64",
 "kernel-cpu",
 "kernel-fs",
 "kernel-ipc",
 "kernel-keyboard",
 "kernel-memory",
 "kernel-paging",
 "kernel-pci",
 "kernel-proc",
 "kernel-sched",
 "kernel-smp",
 "kernel-sync",
]

[[package]]
name = "kernel-apic"
version = "0.1.0"
dependencies = [
 "kernel-arch-x86_64",
]

[[package]]
name = "kernel-arch-x86_64"
version = "0.1.0"

[[package]]
name = "kernel-cpu"
version = "0.1.0"
dependencies = [
 "kernel-arch-x86_64",
]

[[package]]
name = "kernel-fs"
version = "0.1.0"
dependencies = [
 "kernel-keyboard",
 "kernel-memory",
 "kernel-proc",
 "kernel-sched",
 "kernel-sync",
]

[[package]]
name = "kernel-ipc"
version = "0.1.0"
dependencies = [
 "kernel-arch-x86_64",
]

[[package]]
name = "kernel-keyboard"
version = "0.1.0"
dependencies = [
 "kernel-apic",
 "kernel-cpu",
 "kernel-sched",
 "kernel-sync",
]

[[package]]
name = "kernel-memory"
version = "0.1.0"
dependencies = [
 "kernel-arch-x86_64",
 "kernel-sync",
]

[[package]]
name = "kernel-paging"
version = "0.1.0"
dependencies = [
 "kernel-arch-x86_64",
 "kernel-memory",
 "kernel-sync",
]

[[package]]
name = "kernel-pci"
version = "0.1.0"
dependencies = [
 "kernel-sync",
]

[[package]]
name = "kernel-proc"
version = "0.1.0"
dependencies = [
 "kernel-apic",
 "kernel-arch-x86_64",
 "kernel-cpu",
 "kernel-memory",
 "kernel-paging",
 "kernel-sched",
 "kernel-smp",
 "kernel-sync",
]

[[package]]
name = "kernel-sched"
version = "0.1.0"
dependencies = [
 "kernel-apic",
 "kernel-arch-x86_64",
 "kernel-cpu",
 "kernel-memory",
 "kernel-paging",
 "kernel-sync",
]

[[package]]
name = "kernel-smp"
version = "0.1.0"
dependencies = [
 "kernel-apic",
 "kernel-arch-x86_64",
 "kernel-cpu",
 "kernel-memory",
 "kernel-paging",
 "kernel-sched",
 "kernel-sync",
]

[[package]]
name = "kernel-sync"
version = "0.1.0"
dependencies = [
 "kernel-arch-x86_64",
]

[[package]]
name = "xtask"
version = "0.1.0"
