# This file is automatically @generated by Cargo.
# It is not intended for manual editing.
version = 4

[[package]]
name = "kernel-arch-x86_64"
version = "0.1.0"

[[package]]
name = "kernel-sync"
version = "0.1.0"
dependencies = [
 "kernel-arch-x86_64",
]

[[package]]
name = "miscompile-repro"
version = "0.1.0"
dependencies = [
 "kernel-sync",
]
